
Microsoft Visual Studio Solution File, Format Version 12.00
# Visual Studio Version 17
VisualStudioVersion = 17.5.33424.131
MinimumVisualStudioVersion = 10.0.40219.1
Project("{FAE04EC0-301F-11D3-BF4B-00C04F79EFBC}") = "Lucas.LogProg", "Lucas.LogProg\Lucas.LogProg.csproj", "{E83CE858-0021-49C7-AD2E-96C0609F6B1E}"
EndProject
Global
	GlobalSection(SolutionConfigurationPlatforms) = preSolution
		Debug|Any CPU = Debug|Any CPU
		Release|Any CPU = Release|Any CPU
	EndGlobalSection
	GlobalSection(ProjectConfigurationPlatforms) = postSolution
		{E83CE858-0021-49C7-AD2E-96C0609F6B1E}.Debug|Any CPU.ActiveCfg = Debug|Any CPU
		{E83CE858-0021-49C7-AD2E-96C0609F6B1E}.Debug|Any CPU.Build.0 = Debug|Any CPU
		{E83CE858-0021-49C7-AD2E-96C0609F6B1E}.Release|Any CPU.ActiveCfg = Release|Any CPU
		{E83CE858-0021-49C7-AD2E-96C0609F6B1E}.Release|Any CPU.Build.0 = Release|Any CPU
	EndGlobalSection
	GlobalSection(SolutionProperties) = preSolution
		HideSolutionNode = FALSE
	EndGlobalSection
	GlobalSection(ExtensibilityGlobals) = postSolution
		SolutionGuid = {869B24E0-106F-4363-9041-D1335F42E403}
	EndGlobalSection
EndGlobal
